<?xml version="1.0" encoding="utf-8"?>
<Project ToolsVersion="4.0" xmlns="http://schemas.microsoft.com/developer/msbuild/2003">
  <ItemGroup>
    <Filter Include="Header Files">
      <UniqueIdentifier>{93995380-89BD-4b04-88EB-625FBE52EBFB}</UniqueIdentifier>
      <Extensions>h;hpp;hxx;hm;inl;inc;xsd</Extensions>
    </Filter>
    <Filter Include="Header Files\OpenGlLibs">
      <UniqueIdentifier>{0d19bd4b-4201-416c-a156-5eda397205c3}</UniqueIdentifier>
    </Filter>
    <Filter Include="Header Files\MathStuff">
      <UniqueIdentifier>{91896f44-a0f9-43c8-bbc0-21bc53207564}</UniqueIdentifier>
    </Filter>
    <Filter Include="Resource Files">
      <UniqueIdentifier>{67DA6AB6-F800-4c08-8B7A-83BB121AAD01}</UniqueIdentifier>
      <Extensions>rc;ico;cur;bmp;dlg;rc2;rct;bin;rgs;gif;jpg;jpeg;jpe;resx;tiff;tif;png;wav;mfcribbon-ms</Extensions>
    </Filter>
    <Filter Include="Source Files">
      <UniqueIdentifier>{4FC737F1-C7A5-4376-A066-2A32D752A2FF}</UniqueIdentifier>
      <Extensions>cpp;c;cc;cxx;def;odl;idl;hpj;bat;asm;asmx</Extensions>
    </Filter>
    <Filter Include="Source Files\OpenGLLibs">
      <UniqueIdentifier>{8916626f-8f9d-4bca-ac7f-93db5963ba93}</UniqueIdentifier>
    </Filter>
    <Filter Include="Source Files\MathStuff">
      <UniqueIdentifier>{384c360a-afd2-4a46-a01b-f5d2abd5ffbf}</UniqueIdentifier>
    </Filter>
  </ItemGroup>
  <ItemGroup>
    <ClCompile Include="Main.cpp">
      <Filter>Source Files</Filter>
    </ClCompile>
    <ClCompile Include="ShaderLoader.cpp">
      <Filter>Source Files\OpenGLLibs</Filter>
    </ClCompile>
    <ClCompile Include="vec4.cpp">
      <Filter>Source Files\MathStuff</Filter>
    </ClCompile>
    <ClCompile Include="vec3.cpp">
      <Filter>Source Files\MathStuff</Filter>
    </ClCompile>
    <ClCompile Include="mat3.cpp">
      <Filter>Source Files\MathStuff</Filter>
    </ClCompile>
    <ClCompile Include="mat4.cpp">
      <Filter>Source Files\MathStuff</Filter>
    </ClCompile>
    <ClCompile Include="colour.cpp">
      <Filter>Source Files\MathStuff</Filter>
    </ClCompile>
    <ClCompile Include="quaternion.cpp">
      <Filter>Source Files\MathStuff</Filter>
    </ClCompile>
    <ClCompile Include="timer.cpp">
      <Filter>Source Files\MathStuff</Filter>
    </ClCompile>
    <ClCompile Include="profiler.cpp">
      <Filter>Source Files\MathStuff</Filter>
    </ClCompile>
  </ItemGroup>
  <ItemGroup>
    <ClInclude Include="..\include\GL\glew.h">
      <Filter>Header Files\OpenGlLibs</Filter>
    </ClInclude>
    <ClInclude Include="..\include\GLFW\glfw3.h">
      <Filter>Header Files\OpenGlLibs</Filter>
    </ClInclude>
    <ClInclude Include="..\include\GLFW\glfw3native.h">
      <Filter>Header Files\OpenGlLibs</Filter>
    </ClInclude>
    <ClInclude Include="..\include\GL\glxew.h">
      <Filter>Header Files\OpenGlLibs</Filter>
    </ClInclude>
    <ClInclude Include="..\include\GL\wglew.h">
      <Filter>Header Files\OpenGlLibs</Filter>
    </ClInclude>
    <ClInclude Include="ShaderLoader.h">
      <Filter>Header Files\OpenGlLibs</Filter>
    </ClInclude>
    <ClInclude Include="vec4.h">
      <Filter>Header Files\MathStuff</Filter>
    </ClInclude>
    <ClInclude Include="vec3.h">
      <Filter>Header Files\MathStuff</Filter>
    </ClInclude>
    <ClInclude Include="mat3.h">
      <Filter>Header Files\MathStuff</Filter>
    </ClInclude>
    <ClInclude Include="mat4.h">
      <Filter>Header Files\MathStuff</Filter>
    </ClInclude>
    <ClInclude Include="colour.h">
      <Filter>Header Files\MathStuff</Filter>
    </ClInclude>
    <ClInclude Include="vec2.h">
      <Filter>Header Files\MathStuff</Filter>
    </ClInclude>
    <ClInclude Include="quaternion.h">
      <Filter>Header Files\MathStuff</Filter>
    </ClInclude>
    <ClInclude Include="InputManager.h">
      <Filter>Header Files</Filter>
    </ClInclude>
    <ClInclude Include="timer.h">
      <Filter>Header Files\MathStuff</Filter>
    </ClInclude>
    <ClInclude Include="profiler.h">
      <Filter>Header Files\MathStuff</Filter>
    </ClInclude>
    <ClInclude Include="vertex.h">
      <Filter>Header Files</Filter>
    </ClInclude>
  </ItemGroup>
  <ItemGroup>
    <None Include="..\resources\FlatFragmentShader.glsl">
      <Filter>Source Files</Filter>
    </None>
    <None Include="..\resources\VertexShader.glsl">
      <Filter>Source Files</Filter>
    </None>
  </ItemGroup>
</Project>